
Microsoft Visual Studio Solution File, Format Version 12.00
# Visual Studio 15
VisualStudioVersion = 15.0.27703.2042
MinimumVisualStudioVersion = 10.0.40219.1
Project("{9A19103F-16F7-4668-BE54-9A1E7A4F7556}") = "MTL.Library", "MTL.Library\MTL.Library.csproj", "{143321EC-4F72-4FB6-879A-104F7A13FE72}"
EndProject
Project("{9A19103F-16F7-4668-BE54-9A1E7A4F7556}") = "MTL.DataAccess", "MTL.DataAccess\MTL.DataAccess.csproj", "{88B005E6-4B16-42A0-9F02-41ABE5244E93}"
EndProject
Project("{9A19103F-16F7-4668-BE54-9A1E7A4F7556}") = "MTL.WebAPI", "MTL.WebAPI\MTL.WebAPI.csproj", "{7ED76B18-44A8-4CEC-B178-498E2D846C75}"
EndProject
Project("{9A19103F-16F7-4668-BE54-9A1E7A4F7556}") = "MTL.AngularUI", "MTL.AngularUI\MTL.AngularUI.csproj", "{8D8F1BEF-4B33-4E98-98A6-3AF2AAEF2F19}"
EndProject
Project("{2150E333-8FDC-42A3-9474-1A3956D46DE8}") = "Solution Items", "Solution Items", "{7D407231-51AF-4556-B22A-54C983F6DDEB}"
	ProjectSection(SolutionItems) = preProject
		.gitignore = .gitignore
		..\..\Users\Arkano\Downloads\HappyTrails.xml = ..\..\Users\Arkano\Downloads\HappyTrails.xml
		LICENSE = LICENSE
		README.md = README.md
	EndProjectSection
EndProject
Project("{9A19103F-16F7-4668-BE54-9A1E7A4F7556}") = "MTL.Business", "MTL.Business\MTL.Business.csproj", "{B8D9D4AE-2BCC-4157-90F9-B315973275FF}"
EndProject
Global
	GlobalSection(SolutionConfigurationPlatforms) = preSolution
		Debug|Any CPU = Debug|Any CPU
		Release|Any CPU = Release|Any CPU
	EndGlobalSection
	GlobalSection(ProjectConfigurationPlatforms) = postSolution
		{143321EC-4F72-4FB6-879A-104F7A13FE72}.Debug|Any CPU.ActiveCfg = Debug|Any CPU
		{143321EC-4F72-4FB6-879A-104F7A13FE72}.Debug|Any CPU.Build.0 = Debug|Any CPU
		{143321EC-4F72-4FB6-879A-104F7A13FE72}.Release|Any CPU.ActiveCfg = Release|Any CPU
		{143321EC-4F72-4FB6-879A-104F7A13FE72}.Release|Any CPU.Build.0 = Release|Any CPU
		{88B005E6-4B16-42A0-9F02-41ABE5244E93}.Debug|Any CPU.ActiveCfg = Debug|Any CPU
		{88B005E6-4B16-42A0-9F02-41ABE5244E93}.Debug|Any CPU.Build.0 = Debug|Any CPU
		{88B005E6-4B16-42A0-9F02-41ABE5244E93}.Release|Any CPU.ActiveCfg = Release|Any CPU
		{88B005E6-4B16-42A0-9F02-41ABE5244E93}.Release|Any CPU.Build.0 = Release|Any CPU
		{7ED76B18-44A8-4CEC-B178-498E2D846C75}.Debug|Any CPU.ActiveCfg = Debug|Any CPU
		{7ED76B18-44A8-4CEC-B178-498E2D846C75}.Debug|Any CPU.Build.0 = Debug|Any CPU
		{7ED76B18-44A8-4CEC-B178-498E2D846C75}.Release|Any CPU.ActiveCfg = Release|Any CPU
		{7ED76B18-44A8-4CEC-B178-498E2D846C75}.Release|Any CPU.Build.0 = Release|Any CPU
		{8D8F1BEF-4B33-4E98-98A6-3AF2AAEF2F19}.Debug|Any CPU.ActiveCfg = Debug|Any CPU
		{8D8F1BEF-4B33-4E98-98A6-3AF2AAEF2F19}.Debug|Any CPU.Build.0 = Debug|Any CPU
		{8D8F1BEF-4B33-4E98-98A6-3AF2AAEF2F19}.Release|Any CPU.ActiveCfg = Release|Any CPU
		{8D8F1BEF-4B33-4E98-98A6-3AF2AAEF2F19}.Release|Any CPU.Build.0 = Release|Any CPU
		{B8D9D4AE-2BCC-4157-90F9-B315973275FF}.Debug|Any CPU.ActiveCfg = Debug|Any CPU
		{B8D9D4AE-2BCC-4157-90F9-B315973275FF}.Debug|Any CPU.Build.0 = Debug|Any CPU
		{B8D9D4AE-2BCC-4157-90F9-B315973275FF}.Release|Any CPU.ActiveCfg = Release|Any CPU
		{B8D9D4AE-2BCC-4157-90F9-B315973275FF}.Release|Any CPU.Build.0 = Release|Any CPU
	EndGlobalSection
	GlobalSection(SolutionProperties) = preSolution
		HideSolutionNode = FALSE
	EndGlobalSection
	GlobalSection(ExtensibilityGlobals) = postSolution
		SolutionGuid = {ADBC1FFE-DB7C-484E-94BA-E25182AB0FAD}
	EndGlobalSection
EndGlobal
